{
  "requires": true,
  "lockfileVersion": 1,
  "dependencies": {
    "jquery.tabulator": {
      "version": "3.5.3",
      "resolved": "https://registry.npmjs.org/jquery.tabulator/-/jquery.tabulator-3.5.3.tgz",
      "integrity": "sha1-+bk2ON7SJaeJNt45hozpNKJgRRY="
    },
    "moment": {
      "version": "2.22.2",
      "resolved": "https://registry.npmjs.org/moment/-/moment-2.22.2.tgz",
      "integrity": "sha1-PCV/mDn8DpP/UxSWMiOeuQeD/2Y="
    }
  }
}
